
Microsoft Visual Studio Solution File, Format Version 12.00
# Visual Studio Version 17
VisualStudioVersion = 17.5.002.0
MinimumVisualStudioVersion = 10.0.40219.1
Project("{9A19103F-16F7-4668-BE54-9A1E7A4F7556}") = "estoque", "estoque.csproj", "{7E75D2E2-C105-4808-A9FE-470A630575D8}"
EndProject
Global
	GlobalSection(SolutionConfigurationPlatforms) = preSolution
		Debug|Any CPU = Debug|Any CPU
		Release|Any CPU = Release|Any CPU
	EndGlobalSection
	GlobalSection(ProjectConfigurationPlatforms) = postSolution
		{7E75D2E2-C105-4808-A9FE-470A630575D8}.Debug|Any CPU.ActiveCfg = Debug|Any CPU
		{7E75D2E2-C105-4808-A9FE-470A630575D8}.Debug|Any CPU.Build.0 = Debug|Any CPU
		{7E75D2E2-C105-4808-A9FE-470A630575D8}.Release|Any CPU.ActiveCfg = Release|Any CPU
		{7E75D2E2-C105-4808-A9FE-470A630575D8}.Release|Any CPU.Build.0 = Release|Any CPU
	EndGlobalSection
	GlobalSection(SolutionProperties) = preSolution
		HideSolutionNode = FALSE
	EndGlobalSection
	GlobalSection(ExtensibilityGlobals) = postSolution
		SolutionGuid = {05956CD1-4AC6-4487-B282-0574209C4C99}
	EndGlobalSection
EndGlobal
